
Microsoft Visual Studio Solution File, Format Version 12.00
# Visual Studio Version 17
VisualStudioVersion = 17.7.34031.279
MinimumVisualStudioVersion = 10.0.40219.1
Project("{9A19103F-16F7-4668-BE54-9A1E7A4F7556}") = "Fitness Center", "Fitness Center\Fitness Center.csproj", "{38102DF9-692B-4D19-9546-2F9244568620}"
EndProject
Global
	GlobalSection(SolutionConfigurationPlatforms) = preSolution
		Debug|Any CPU = Debug|Any CPU
		Release|Any CPU = Release|Any CPU
	EndGlobalSection
	GlobalSection(ProjectConfigurationPlatforms) = postSolution
		{38102DF9-692B-4D19-9546-2F9244568620}.Debug|Any CPU.ActiveCfg = Debug|Any CPU
		{38102DF9-692B-4D19-9546-2F9244568620}.Debug|Any CPU.Build.0 = Debug|Any CPU
		{38102DF9-692B-4D19-9546-2F9244568620}.Release|Any CPU.ActiveCfg = Release|Any CPU
		{38102DF9-692B-4D19-9546-2F9244568620}.Release|Any CPU.Build.0 = Release|Any CPU
	EndGlobalSection
	GlobalSection(SolutionProperties) = preSolution
		HideSolutionNode = FALSE
	EndGlobalSection
	GlobalSection(ExtensibilityGlobals) = postSolution
		SolutionGuid = {101E82FD-5C7C-43C9-AA25-AFD3B457A2BE}
	EndGlobalSection
EndGlobal
